
Microsoft Visual Studio Solution File, Format Version 11.00
# Visual Studio 2010
Project("{FAE04EC0-301F-11D3-BF4B-00C04F79EFBC}") = "Light.Model", "Light.Model\Light.Model.csproj", "{1E2C9F3B-5141-488A-8387-1F3BDA695E79}"
EndProject
Project("{FAE04EC0-301F-11D3-BF4B-00C04F79EFBC}") = "Light.BLL", "Light.BLL\Light.BLL.csproj", "{8C75B968-E588-44A1-9598-41B4A7515E97}"
EndProject
Project("{FAE04EC0-301F-11D3-BF4B-00C04F79EFBC}") = "Light.DAL", "Light.DAL\Light.DAL.csproj", "{D24D799C-1EC7-4B3D-A6B2-A1CA49A6BED4}"
EndProject
Project("{FAE04EC0-301F-11D3-BF4B-00C04F79EFBC}") = "LightWebService", "LightWebService\LightWebService.csproj", "{779FC618-B0C5-4DB9-8752-E33A2419314E}"
EndProject
Project("{FAE04EC0-301F-11D3-BF4B-00C04F79EFBC}") = "Light.Command", "Light.Command\Light.Command.csproj", "{5686F52E-5F63-41F6-8591-0554959782B7}"
EndProject
Global
	GlobalSection(SolutionConfigurationPlatforms) = preSolution
		Debug|Any CPU = Debug|Any CPU
		Release|Any CPU = Release|Any CPU
	EndGlobalSection
	GlobalSection(ProjectConfigurationPlatforms) = postSolution
		{1E2C9F3B-5141-488A-8387-1F3BDA695E79}.Debug|Any CPU.ActiveCfg = Debug|Any CPU
		{1E2C9F3B-5141-488A-8387-1F3BDA695E79}.Debug|Any CPU.Build.0 = Debug|Any CPU
		{1E2C9F3B-5141-488A-8387-1F3BDA695E79}.Release|Any CPU.ActiveCfg = Release|Any CPU
		{1E2C9F3B-5141-488A-8387-1F3BDA695E79}.Release|Any CPU.Build.0 = Release|Any CPU
		{8C75B968-E588-44A1-9598-41B4A7515E97}.Debug|Any CPU.ActiveCfg = Debug|Any CPU
		{8C75B968-E588-44A1-9598-41B4A7515E97}.Debug|Any CPU.Build.0 = Debug|Any CPU
		{8C75B968-E588-44A1-9598-41B4A7515E97}.Release|Any CPU.ActiveCfg = Release|Any CPU
		{8C75B968-E588-44A1-9598-41B4A7515E97}.Release|Any CPU.Build.0 = Release|Any CPU
		{D24D799C-1EC7-4B3D-A6B2-A1CA49A6BED4}.Debug|Any CPU.ActiveCfg = Debug|Any CPU
		{D24D799C-1EC7-4B3D-A6B2-A1CA49A6BED4}.Debug|Any CPU.Build.0 = Debug|Any CPU
		{D24D799C-1EC7-4B3D-A6B2-A1CA49A6BED4}.Release|Any CPU.ActiveCfg = Release|Any CPU
		{D24D799C-1EC7-4B3D-A6B2-A1CA49A6BED4}.Release|Any CPU.Build.0 = Release|Any CPU
		{779FC618-B0C5-4DB9-8752-E33A2419314E}.Debug|Any CPU.ActiveCfg = Debug|Any CPU
		{779FC618-B0C5-4DB9-8752-E33A2419314E}.Debug|Any CPU.Build.0 = Debug|Any CPU
		{779FC618-B0C5-4DB9-8752-E33A2419314E}.Release|Any CPU.ActiveCfg = Release|Any CPU
		{779FC618-B0C5-4DB9-8752-E33A2419314E}.Release|Any CPU.Build.0 = Release|Any CPU
		{5686F52E-5F63-41F6-8591-0554959782B7}.Debug|Any CPU.ActiveCfg = Debug|Any CPU
		{5686F52E-5F63-41F6-8591-0554959782B7}.Debug|Any CPU.Build.0 = Debug|Any CPU
		{5686F52E-5F63-41F6-8591-0554959782B7}.Release|Any CPU.ActiveCfg = Release|Any CPU
		{5686F52E-5F63-41F6-8591-0554959782B7}.Release|Any CPU.Build.0 = Release|Any CPU
	EndGlobalSection
	GlobalSection(SolutionProperties) = preSolution
		HideSolutionNode = FALSE
	EndGlobalSection
EndGlobal
